
Microsoft Visual Studio Solution File, Format Version 12.00
# Visual Studio 15
Project("{FAE04EC0-301F-11D3-BF4B-00C04F79EFBC}") = "HomeBooth.Data", "HomeBooth.Data\HomeBooth.Data.csproj", "{9144E77C-ED5B-4DC1-92B7-57F4D59E6914}"
EndProject
Project("{FAE04EC0-301F-11D3-BF4B-00C04F79EFBC}") = "HomeBooth.Services", "HomeBooth.Services\HomeBooth.Services.csproj", "{E9D34174-27DF-4807-BE2F-61FE306B90BF}"
EndProject
Project("{FAE04EC0-301F-11D3-BF4B-00C04F79EFBC}") = "HomeBooth.Web", "HomeBooth.Web\HomeBooth.Web.csproj", "{9D2F9CF8-88CE-4B29-A39D-86570985F5C7}"
EndProject
Project("{2150E333-8FDC-42A3-9474-1A3956D46DE8}") = "Solution Items", "Solution Items", "{C5EDB704-355B-438A-82FB-651213E00B5A}"
	ProjectSection(SolutionItems) = preProject
		command.sh = command.sh
	EndProjectSection
EndProject
Project("{FAE04EC0-301F-11D3-BF4B-00C04F79EFBC}") = "HomeBooth.Test", "HomeBooth.Test\HomeBooth.Test.csproj", "{3BDBA314-A049-4225-BDB5-E2D74118A3D5}"
EndProject
Global
	GlobalSection(SolutionConfigurationPlatforms) = preSolution
		Debug|Any CPU = Debug|Any CPU
		Release|Any CPU = Release|Any CPU
	EndGlobalSection
	GlobalSection(ProjectConfigurationPlatforms) = postSolution
		{9144E77C-ED5B-4DC1-92B7-57F4D59E6914}.Debug|Any CPU.ActiveCfg = Debug|Any CPU
		{9144E77C-ED5B-4DC1-92B7-57F4D59E6914}.Debug|Any CPU.Build.0 = Debug|Any CPU
		{9144E77C-ED5B-4DC1-92B7-57F4D59E6914}.Release|Any CPU.ActiveCfg = Release|Any CPU
		{9144E77C-ED5B-4DC1-92B7-57F4D59E6914}.Release|Any CPU.Build.0 = Release|Any CPU
		{E9D34174-27DF-4807-BE2F-61FE306B90BF}.Debug|Any CPU.ActiveCfg = Debug|Any CPU
		{E9D34174-27DF-4807-BE2F-61FE306B90BF}.Debug|Any CPU.Build.0 = Debug|Any CPU
		{E9D34174-27DF-4807-BE2F-61FE306B90BF}.Release|Any CPU.ActiveCfg = Release|Any CPU
		{E9D34174-27DF-4807-BE2F-61FE306B90BF}.Release|Any CPU.Build.0 = Release|Any CPU
		{9D2F9CF8-88CE-4B29-A39D-86570985F5C7}.Debug|Any CPU.ActiveCfg = Debug|Any CPU
		{9D2F9CF8-88CE-4B29-A39D-86570985F5C7}.Debug|Any CPU.Build.0 = Debug|Any CPU
		{9D2F9CF8-88CE-4B29-A39D-86570985F5C7}.Release|Any CPU.ActiveCfg = Release|Any CPU
		{9D2F9CF8-88CE-4B29-A39D-86570985F5C7}.Release|Any CPU.Build.0 = Release|Any CPU
		{3BDBA314-A049-4225-BDB5-E2D74118A3D5}.Debug|Any CPU.ActiveCfg = Debug|Any CPU
		{3BDBA314-A049-4225-BDB5-E2D74118A3D5}.Debug|Any CPU.Build.0 = Debug|Any CPU
		{3BDBA314-A049-4225-BDB5-E2D74118A3D5}.Release|Any CPU.ActiveCfg = Release|Any CPU
		{3BDBA314-A049-4225-BDB5-E2D74118A3D5}.Release|Any CPU.Build.0 = Release|Any CPU
	EndGlobalSection
EndGlobal
